Microsoft Visual Studio Solution File, Format Version 12.00
# Visual Studio Version 17
VisualStudioVersion = 17.5.2.0
MinimumVisualStudioVersion = 10.0.40219.1
Project("{2150E333-8FDC-42A3-9474-1A3956D46DE8}") = "src", "src", "{827E0CD3-B72D-47B6-A68D-7590B98EB39B}"
EndProject
Project("{FAE04EC0-301F-11D3-BF4B-00C04F79EFBC}") = "ProjetDevOps", "src\ProjetDevOps\ProjetDevOps.csproj", "{BA0510D0-3F28-2FDA-A8CA-570CD534B011}"
EndProject
Global
	GlobalSection(SolutionConfigurationPlatforms) = preSolution
		Debug|Any CPU = Debug|Any CPU
		Release|Any CPU = Release|Any CPU
	EndGlobalSection
	GlobalSection(ProjectConfigurationPlatforms) = postSolution
		{BA0510D0-3F28-2FDA-A8CA-570CD534B011}.Debug|Any CPU.ActiveCfg = Debug|Any CPU
		{BA0510D0-3F28-2FDA-A8CA-570CD534B011}.Debug|Any CPU.Build.0 = Debug|Any CPU
		{BA0510D0-3F28-2FDA-A8CA-570CD534B011}.Release|Any CPU.ActiveCfg = Release|Any CPU
		{BA0510D0-3F28-2FDA-A8CA-570CD534B011}.Release|Any CPU.Build.0 = Release|Any CPU
	EndGlobalSection
	GlobalSection(SolutionProperties) = preSolution
		HideSolutionNode = FALSE
	EndGlobalSection
	GlobalSection(NestedProjects) = preSolution
		{BA0510D0-3F28-2FDA-A8CA-570CD534B011} = {827E0CD3-B72D-47B6-A68D-7590B98EB39B}
	EndGlobalSection
	GlobalSection(ExtensibilityGlobals) = postSolution
		SolutionGuid = {9C9F1F9F-14CE-4B5A-82A4-EC6BD91EBF5E}
	EndGlobalSection
EndGlobal
